// !$*UTF8*$!
{
	archiveVersion = 1;
	classes = {
	};
	objectVersion = 48;
	objects = {

/* Begin PBXBuildFile section */
		162860CA1FAA353A003D85A6 /* UIColor+Ex.swift in Sources */ = {isa = PBXBuildFile; fileRef = 162860C91FAA353A003D85A6 /* UIColor+Ex.swift */; };
		163144041FA8BE8600D25996 /* Lobster.h in Headers */ = {isa = PBXBuildFile; fileRef = 163144021FA8BE8600D25996 /* Lobster.h */; settings = {ATTRIBUTES = (Public, ); }; };
		1631440C1FA8C00900D25996 /* Lobster.swift in Sources */ = {isa = PBXBuildFile; fileRef = 1631440B1FA8C00900D25996 /* Lobster.swift */; };
		1631440E1FA8CBE400D25996 /* ConfigKeys.swift in Sources */ = {isa = PBXBuildFile; fileRef = 1631440D1FA8CBE400D25996 /* ConfigKeys.swift */; };
		16FCE980223CB83500F6D643 /* StaleValueStore.swift in Sources */ = {isa = PBXBuildFile; fileRef = 16FCE97F223CB83500F6D643 /* StaleValueStore.swift */; };
		16FCE982223CBC5200F6D643 /* ConfigSerializable.swift in Sources */ = {isa = PBXBuildFile; fileRef = 16FCE981223CBC5200F6D643 /* ConfigSerializable.swift */; };
		16FCE984223CBC8A00F6D643 /* ConfigBridge.swift in Sources */ = {isa = PBXBuildFile; fileRef = 16FCE983223CBC8A00F6D643 /* ConfigBridge.swift */; };
		16FCE986223CBDBF00F6D643 /* ConfigBridge+BuiltIns.swift in Sources */ = {isa = PBXBuildFile; fileRef = 16FCE985223CBDBF00F6D643 /* ConfigBridge+BuiltIns.swift */; };
		16FCE989223CC42800F6D643 /* DefaultStore.swift in Sources */ = {isa = PBXBuildFile; fileRef = 16FCE988223CC42800F6D643 /* DefaultStore.swift */; };
		16FCE98B223CC7E000F6D643 /* ConfigSerializable+BuiltIns.swift in Sources */ = {isa = PBXBuildFile; fileRef = 16FCE98A223CC7E000F6D643 /* ConfigSerializable+BuiltIns.swift */; };
		16FCE98D223CCA7C00F6D643 /* Lobster+Subscripts.swift in Sources */ = {isa = PBXBuildFile; fileRef = 16FCE98C223CCA7C00F6D643 /* Lobster+Subscripts.swift */; };
		16FCE98F223CCBBE00F6D643 /* OptionalType.swift in Sources */ = {isa = PBXBuildFile; fileRef = 16FCE98E223CCBBE00F6D643 /* OptionalType.swift */; };
		16FCE997223CE14A00F6D643 /* LobsterTests.swift in Sources */ = {isa = PBXBuildFile; fileRef = 16FCE996223CE14A00F6D643 /* LobsterTests.swift */; };
		16FCE999223CE14A00F6D643 /* Lobster.framework in Frameworks */ = {isa = PBXBuildFile; fileRef = 163143FF1FA8BE8600D25996 /* Lobster.framework */; };
		16FCE9A4223CE2F400F6D643 /* FirebaseSetupHandler.swift in Sources */ = {isa = PBXBuildFile; fileRef = 16FCE9A3223CE2F400F6D643 /* FirebaseSetupHandler.swift */; };
		3531D90E61A46EE45DFAAFD6 /* Pods_LobsterTests.framework in Frameworks */ = {isa = PBXBuildFile; fileRef = C41C95928D6368D180C45B2E /* Pods_LobsterTests.framework */; };
		C446D99F0AB2B1B651481608 /* Pods_Lobster.framework in Frameworks */ = {isa = PBXBuildFile; fileRef = 7094F96770D14C9622820F42 /* Pods_Lobster.framework */; };
		C4A2602B24D81D54005A3FB7 /* AppDelegate.swift in Sources */ = {isa = PBXBuildFile; fileRef = C4A2602A24D81D54005A3FB7 /* AppDelegate.swift */; };
		C4A2602D24D81D54005A3FB7 /* SceneDelegate.swift in Sources */ = {isa = PBXBuildFile; fileRef = C4A2602C24D81D54005A3FB7 /* SceneDelegate.swift */; };
		C4A2602F24D81D54005A3FB7 /* ViewController.swift in Sources */ = {isa = PBXBuildFile; fileRef = C4A2602E24D81D54005A3FB7 /* ViewController.swift */; };
		C4A2603224D81D54005A3FB7 /* Main.storyboard in Resources */ = {isa = PBXBuildFile; fileRef = C4A2603024D81D54005A3FB7 /* Main.storyboard */; };
		C4A2603424D81D56005A3FB7 /* Assets.xcassets in Resources */ = {isa = PBXBuildFile; fileRef = C4A2603324D81D56005A3FB7 /* Assets.xcassets */; };
		C4A2603724D81D56005A3FB7 /* LaunchScreen.storyboard in Resources */ = {isa = PBXBuildFile; fileRef = C4A2603524D81D56005A3FB7 /* LaunchScreen.storyboard */; };
		C4A2604124D81EC5005A3FB7 /* GoogleService-Info.plist in Resources */ = {isa = PBXBuildFile; fileRef = C4A2604024D81EC5005A3FB7 /* GoogleService-Info.plist */; };
/* End PBXBuildFile section */

/* Begin PBXContainerItemProxy section */
		16FCE99A223CE14A00F6D643 /* PBXContainerItemProxy */ = {
			isa = PBXContainerItemProxy;
			containerPortal = 163143F61FA8BE8600D25996 /* Project object */;
			proxyType = 1;
			remoteGlobalIDString = 163143FE1FA8BE8600D25996;
			remoteInfo = Lobster;
		};
		C4A2603C24D81D71005A3FB7 /* PBXContainerItemProxy */ = {
			isa = PBXContainerItemProxy;
			containerPortal = 163143F61FA8BE8600D25996 /* Project object */;
			proxyType = 1;
			remoteGlobalIDString = C4A2602724D81D54005A3FB7;
			remoteInfo = AppForTest;
		};
/* End PBXContainerItemProxy section */

/* Begin PBXFileReference section */
		0FF6D1B90A8BA67313EB8D6C /* Pods-LobsterTests.debug.xcconfig */ = {isa = PBXFileReference; includeInIndex = 1; lastKnownFileType = text.xcconfig; name = "Pods-LobsterTests.debug.xcconfig"; path = "Pods/Target Support Files/Pods-LobsterTests/Pods-LobsterTests.debug.xcconfig"; sourceTree = "<group>"; };
		162860C91FAA353A003D85A6 /* UIColor+Ex.swift */ = {isa = PBXFileReference; lastKnownFileType = sourcecode.swift; path = "UIColor+Ex.swift"; sourceTree = "<group>"; };
		163143FF1FA8BE8600D25996 /* Lobster.framework */ = {isa = PBXFileReference; explicitFileType = wrapper.framework; includeInIndex = 0; path = Lobster.framework; sourceTree = BUILT_PRODUCTS_DIR; };
		163144021FA8BE8600D25996 /* Lobster.h */ = {isa = PBXFileReference; lastKnownFileType = sourcecode.c.h; path = Lobster.h; sourceTree = "<group>"; };
		163144031FA8BE8600D25996 /* Info.plist */ = {isa = PBXFileReference; lastKnownFileType = text.plist.xml; path = Info.plist; sourceTree = "<group>"; };
		1631440B1FA8C00900D25996 /* Lobster.swift */ = {isa = PBXFileReference; lastKnownFileType = sourcecode.swift; path = Lobster.swift; sourceTree = "<group>"; };
		1631440D1FA8CBE400D25996 /* ConfigKeys.swift */ = {isa = PBXFileReference; lastKnownFileType = sourcecode.swift; path = ConfigKeys.swift; sourceTree = "<group>"; };
		16FCE97F223CB83500F6D643 /* StaleValueStore.swift */ = {isa = PBXFileReference; lastKnownFileType = sourcecode.swift; path = StaleValueStore.swift; sourceTree = "<group>"; };
		16FCE981223CBC5200F6D643 /* ConfigSerializable.swift */ = {isa = PBXFileReference; lastKnownFileType = sourcecode.swift; path = ConfigSerializable.swift; sourceTree = "<group>"; };
		16FCE983223CBC8A00F6D643 /* ConfigBridge.swift */ = {isa = PBXFileReference; lastKnownFileType = sourcecode.swift; path = ConfigBridge.swift; sourceTree = "<group>"; };
		16FCE985223CBDBF00F6D643 /* ConfigBridge+BuiltIns.swift */ = {isa = PBXFileReference; lastKnownFileType = sourcecode.swift; path = "ConfigBridge+BuiltIns.swift"; sourceTree = "<group>"; };
		16FCE988223CC42800F6D643 /* DefaultStore.swift */ = {isa = PBXFileReference; lastKnownFileType = sourcecode.swift; path = DefaultStore.swift; sourceTree = "<group>"; };
		16FCE98A223CC7E000F6D643 /* ConfigSerializable+BuiltIns.swift */ = {isa = PBXFileReference; lastKnownFileType = sourcecode.swift; path = "ConfigSerializable+BuiltIns.swift"; sourceTree = "<group>"; };
		16FCE98C223CCA7C00F6D643 /* Lobster+Subscripts.swift */ = {isa = PBXFileReference; lastKnownFileType = sourcecode.swift; path = "Lobster+Subscripts.swift"; sourceTree = "<group>"; };
		16FCE98E223CCBBE00F6D643 /* OptionalType.swift */ = {isa = PBXFileReference; lastKnownFileType = sourcecode.swift; path = OptionalType.swift; sourceTree = "<group>"; };
		16FCE994223CE14A00F6D643 /* LobsterTests.xctest */ = {isa = PBXFileReference; explicitFileType = wrapper.cfbundle; includeInIndex = 0; path = LobsterTests.xctest; sourceTree = BUILT_PRODUCTS_DIR; };
		16FCE996223CE14A00F6D643 /* LobsterTests.swift */ = {isa = PBXFileReference; lastKnownFileType = sourcecode.swift; path = LobsterTests.swift; sourceTree = "<group>"; };
		16FCE998223CE14A00F6D643 /* Info.plist */ = {isa = PBXFileReference; lastKnownFileType = text.plist.xml; path = Info.plist; sourceTree = "<group>"; };
		16FCE9A3223CE2F400F6D643 /* FirebaseSetupHandler.swift */ = {isa = PBXFileReference; lastKnownFileType = sourcecode.swift; path = FirebaseSetupHandler.swift; sourceTree = "<group>"; };
		2FFEEC768519AD92F404C651 /* Pods-Lobster.debug.xcconfig */ = {isa = PBXFileReference; includeInIndex = 1; lastKnownFileType = text.xcconfig; name = "Pods-Lobster.debug.xcconfig"; path = "Pods/Target Support Files/Pods-Lobster/Pods-Lobster.debug.xcconfig"; sourceTree = "<group>"; };
		6F586FBD5180A54BFE0C53FA /* Pods-LobsterTests.release.xcconfig */ = {isa = PBXFileReference; includeInIndex = 1; lastKnownFileType = text.xcconfig; name = "Pods-LobsterTests.release.xcconfig"; path = "Pods/Target Support Files/Pods-LobsterTests/Pods-LobsterTests.release.xcconfig"; sourceTree = "<group>"; };
		7094F96770D14C9622820F42 /* Pods_Lobster.framework */ = {isa = PBXFileReference; explicitFileType = wrapper.framework; includeInIndex = 0; path = Pods_Lobster.framework; sourceTree = BUILT_PRODUCTS_DIR; };
		B5B16D1323062E1020502A3F /* Pods-Lobster.release.xcconfig */ = {isa = PBXFileReference; includeInIndex = 1; lastKnownFileType = text.xcconfig; name = "Pods-Lobster.release.xcconfig"; path = "Pods/Target Support Files/Pods-Lobster/Pods-Lobster.release.xcconfig"; sourceTree = "<group>"; };
		C41C95928D6368D180C45B2E /* Pods_LobsterTests.framework */ = {isa = PBXFileReference; explicitFileType = wrapper.framework; includeInIndex = 0; path = Pods_LobsterTests.framework; sourceTree = BUILT_PRODUCTS_DIR; };
		C4A2602824D81D54005A3FB7 /* AppForTest.app */ = {isa = PBXFileReference; explicitFileType = wrapper.application; includeInIndex = 0; path = AppForTest.app; sourceTree = BUILT_PRODUCTS_DIR; };
		C4A2602A24D81D54005A3FB7 /* AppDelegate.swift */ = {isa = PBXFileReference; lastKnownFileType = sourcecode.swift; path = AppDelegate.swift; sourceTree = "<group>"; };
		C4A2602C24D81D54005A3FB7 /* SceneDelegate.swift */ = {isa = PBXFileReference; lastKnownFileType = sourcecode.swift; path = SceneDelegate.swift; sourceTree = "<group>"; };
		C4A2602E24D81D54005A3FB7 /* ViewController.swift */ = {isa = PBXFileReference; lastKnownFileType = sourcecode.swift; path = ViewController.swift; sourceTree = "<group>"; };
		C4A2603124D81D54005A3FB7 /* Base */ = {isa = PBXFileReference; lastKnownFileType = file.storyboard; name = Base; path = Base.lproj/Main.storyboard; sourceTree = "<group>"; };
		C4A2603324D81D56005A3FB7 /* Assets.xcassets */ = {isa = PBXFileReference; lastKnownFileType = folder.assetcatalog; path = Assets.xcassets; sourceTree = "<group>"; };
		C4A2603624D81D56005A3FB7 /* Base */ = {isa = PBXFileReference; lastKnownFileType = file.storyboard; name = Base; path = Base.lproj/LaunchScreen.storyboard; sourceTree = "<group>"; };
		C4A2603824D81D56005A3FB7 /* Info.plist */ = {isa = PBXFileReference; lastKnownFileType = text.plist.xml; path = Info.plist; sourceTree = "<group>"; };
		C4A2604024D81EC5005A3FB7 /* GoogleService-Info.plist */ = {isa = PBXFileReference; fileEncoding = 4; lastKnownFileType = text.plist.xml; path = "GoogleService-Info.plist"; sourceTree = "<group>"; };
/* End PBXFileReference section */

/* Begin PBXFrameworksBuildPhase section */
		163143FB1FA8BE8600D25996 /* Frameworks */ = {
			isa = PBXFrameworksBuildPhase;
			buildActionMask = 2147483647;
			files = (
				C446D99F0AB2B1B651481608 /* Pods_Lobster.framework in Frameworks */,
			);
			runOnlyForDeploymentPostprocessing = 0;
		};
		16FCE991223CE14A00F6D643 /* Frameworks */ = {
			isa = PBXFrameworksBuildPhase;
			buildActionMask = 2147483647;
			files = (
				16FCE999223CE14A00F6D643 /* Lobster.framework in Frameworks */,
				3531D90E61A46EE45DFAAFD6 /* Pods_LobsterTests.framework in Frameworks */,
			);
			runOnlyForDeploymentPostprocessing = 0;
		};
		C4A2602524D81D54005A3FB7 /* Frameworks */ = {
			isa = PBXFrameworksBuildPhase;
			buildActionMask = 2147483647;
			files = (
			);
			runOnlyForDeploymentPostprocessing = 0;
		};
/* End PBXFrameworksBuildPhase section */

/* Begin PBXGroup section */
		163143F51FA8BE8600D25996 = {
			isa = PBXGroup;
			children = (
				1631440A1FA8BE9700D25996 /* Sources */,
				163144011FA8BE8600D25996 /* Lobster */,
				16FCE995223CE14A00F6D643 /* LobsterTests */,
				C4A2602924D81D54005A3FB7 /* AppForTest */,
				163144001FA8BE8600D25996 /* Products */,
				E36FB080169B8A8E6BE89A66 /* Pods */,
				E400F681533247D8249EAF35 /* Frameworks */,
			);
			sourceTree = "<group>";
		};
		163144001FA8BE8600D25996 /* Products */ = {
			isa = PBXGroup;
			children = (
				163143FF1FA8BE8600D25996 /* Lobster.framework */,
				16FCE994223CE14A00F6D643 /* LobsterTests.xctest */,
				C4A2602824D81D54005A3FB7 /* AppForTest.app */,
			);
			name = Products;
			sourceTree = "<group>";
		};
		163144011FA8BE8600D25996 /* Lobster */ = {
			isa = PBXGroup;
			children = (
				163144021FA8BE8600D25996 /* Lobster.h */,
				163144031FA8BE8600D25996 /* Info.plist */,
			);
			path = Lobster;
			sourceTree = "<group>";
		};
		1631440A1FA8BE9700D25996 /* Sources */ = {
			isa = PBXGroup;
			children = (
				1631440B1FA8C00900D25996 /* Lobster.swift */,
				16FCE98C223CCA7C00F6D643 /* Lobster+Subscripts.swift */,
				16FCE987223CBDC500F6D643 /* BuiltIns */,
				16FCE988223CC42800F6D643 /* DefaultStore.swift */,
				1631440D1FA8CBE400D25996 /* ConfigKeys.swift */,
				16FCE981223CBC5200F6D643 /* ConfigSerializable.swift */,
				16FCE983223CBC8A00F6D643 /* ConfigBridge.swift */,
				16FCE97F223CB83500F6D643 /* StaleValueStore.swift */,
				16FCE98E223CCBBE00F6D643 /* OptionalType.swift */,
				162860C91FAA353A003D85A6 /* UIColor+Ex.swift */,
			);
			path = Sources;
			sourceTree = "<group>";
		};
		16FCE987223CBDC500F6D643 /* BuiltIns */ = {
			isa = PBXGroup;
			children = (
				16FCE985223CBDBF00F6D643 /* ConfigBridge+BuiltIns.swift */,
				16FCE98A223CC7E000F6D643 /* ConfigSerializable+BuiltIns.swift */,
			);
			path = BuiltIns;
			sourceTree = "<group>";
		};
		16FCE995223CE14A00F6D643 /* LobsterTests */ = {
			isa = PBXGroup;
			children = (
				16FCE996223CE14A00F6D643 /* LobsterTests.swift */,
				C4A2604024D81EC5005A3FB7 /* GoogleService-Info.plist */,
				16FCE998223CE14A00F6D643 /* Info.plist */,
				16FCE9A3223CE2F400F6D643 /* FirebaseSetupHandler.swift */,
			);
			path = LobsterTests;
			sourceTree = "<group>";
		};
		C4A2602924D81D54005A3FB7 /* AppForTest */ = {
			isa = PBXGroup;
			children = (
				C4A2602A24D81D54005A3FB7 /* AppDelegate.swift */,
				C4A2602C24D81D54005A3FB7 /* SceneDelegate.swift */,
				C4A2602E24D81D54005A3FB7 /* ViewController.swift */,
				C4A2603024D81D54005A3FB7 /* Main.storyboard */,
				C4A2603324D81D56005A3FB7 /* Assets.xcassets */,
				C4A2603524D81D56005A3FB7 /* LaunchScreen.storyboard */,
				C4A2603824D81D56005A3FB7 /* Info.plist */,
			);
			path = AppForTest;
			sourceTree = "<group>";
		};
		E36FB080169B8A8E6BE89A66 /* Pods */ = {
			isa = PBXGroup;
			children = (
				2FFEEC768519AD92F404C651 /* Pods-Lobster.debug.xcconfig */,
				B5B16D1323062E1020502A3F /* Pods-Lobster.release.xcconfig */,
				0FF6D1B90A8BA67313EB8D6C /* Pods-LobsterTests.debug.xcconfig */,
				6F586FBD5180A54BFE0C53FA /* Pods-LobsterTests.release.xcconfig */,
			);
			name = Pods;
			sourceTree = "<group>";
		};
		E400F681533247D8249EAF35 /* Frameworks */ = {
			isa = PBXGroup;
			children = (
				7094F96770D14C9622820F42 /* Pods_Lobster.framework */,
				C41C95928D6368D180C45B2E /* Pods_LobsterTests.framework */,
			);
			name = Frameworks;
			sourceTree = "<group>";
		};
/* End PBXGroup section */

/* Begin PBXHeadersBuildPhase section */
		163143FC1FA8BE8600D25996 /* Headers */ = {
			isa = PBXHeadersBuildPhase;
			buildActionMask = 2147483647;
			files = (
				163144041FA8BE8600D25996 /* Lobster.h in Headers */,
			);
			runOnlyForDeploymentPostprocessing = 0;
		};
/* End PBXHeadersBuildPhase section */

/* Begin PBXNativeTarget section */
		163143FE1FA8BE8600D25996 /* Lobster */ = {
			isa = PBXNativeTarget;
			buildConfigurationList = 163144071FA8BE8600D25996 /* Build configuration list for PBXNativeTarget "Lobster" */;
			buildPhases = (
				6C1CF9627D9CAD96576A2056 /* [CP] Check Pods Manifest.lock */,
				163143FA1FA8BE8600D25996 /* Sources */,
				163143FB1FA8BE8600D25996 /* Frameworks */,
				163143FC1FA8BE8600D25996 /* Headers */,
				163143FD1FA8BE8600D25996 /* Resources */,
			);
			buildRules = (
			);
			dependencies = (
			);
			name = Lobster;
			productName = Lobster;
			productReference = 163143FF1FA8BE8600D25996 /* Lobster.framework */;
			productType = "com.apple.product-type.framework";
		};
		16FCE993223CE14A00F6D643 /* LobsterTests */ = {
			isa = PBXNativeTarget;
			buildConfigurationList = 16FCE99C223CE14A00F6D643 /* Build configuration list for PBXNativeTarget "LobsterTests" */;
			buildPhases = (
				FEAB9B0ADE423C017DAB1B2C /* [CP] Check Pods Manifest.lock */,
				16FCE990223CE14A00F6D643 /* Sources */,
				16FCE991223CE14A00F6D643 /* Frameworks */,
				16FCE992223CE14A00F6D643 /* Resources */,
			);
			buildRules = (
			);
			dependencies = (
				16FCE99B223CE14A00F6D643 /* PBXTargetDependency */,
				C4A2603D24D81D71005A3FB7 /* PBXTargetDependency */,
			);
			name = LobsterTests;
			productName = LobsterTests;
			productReference = 16FCE994223CE14A00F6D643 /* LobsterTests.xctest */;
			productType = "com.apple.product-type.bundle.unit-test";
		};
		C4A2602724D81D54005A3FB7 /* AppForTest */ = {
			isa = PBXNativeTarget;
			buildConfigurationList = C4A2603924D81D56005A3FB7 /* Build configuration list for PBXNativeTarget "AppForTest" */;
			buildPhases = (
				C4A2602424D81D54005A3FB7 /* Sources */,
				C4A2602524D81D54005A3FB7 /* Frameworks */,
				C4A2602624D81D54005A3FB7 /* Resources */,
			);
			buildRules = (
			);
			dependencies = (
			);
			name = AppForTest;
			productName = AppForTest;
			productReference = C4A2602824D81D54005A3FB7 /* AppForTest.app */;
			productType = "com.apple.product-type.application";
		};
/* End PBXNativeTarget section */

/* Begin PBXProject section */
		163143F61FA8BE8600D25996 /* Project object */ = {
			isa = PBXProject;
			attributes = {
				LastSwiftUpdateCheck = 1150;
				LastUpgradeCheck = 0930;
				ORGANIZATIONNAME = "Suguru Kishimoto";
				TargetAttributes = {
					163143FE1FA8BE8600D25996 = {
						CreatedOnToolsVersion = 9.0;
						LastSwiftMigration = 1020;
						ProvisioningStyle = Automatic;
					};
					16FCE993223CE14A00F6D643 = {
						CreatedOnToolsVersion = 10.1;
						LastSwiftMigration = 1020;
						ProvisioningStyle = Automatic;
						TestTargetID = C4A2602724D81D54005A3FB7;
					};
					C4A2602724D81D54005A3FB7 = {
						CreatedOnToolsVersion = 11.5;
						ProvisioningStyle = Automatic;
					};
				};
			};
			buildConfigurationList = 163143F91FA8BE8600D25996 /* Build configuration list for PBXProject "Lobster" */;
			compatibilityVersion = "Xcode 8.0";
			developmentRegion = en;
			hasScannedForEncodings = 0;
			knownRegions = (
				en,
				Base,
			);
			mainGroup = 163143F51FA8BE8600D25996;
			productRefGroup = 163144001FA8BE8600D25996 /* Products */;
			projectDirPath = "";
			projectRoot = "";
			targets = (
				163143FE1FA8BE8600D25996 /* Lobster */,
				16FCE993223CE14A00F6D643 /* LobsterTests */,
				C4A2602724D81D54005A3FB7 /* AppForTest */,
			);
		};
/* End PBXProject section */

/* Begin PBXResourcesBuildPhase section */
		163143FD1FA8BE8600D25996 /* Resources */ = {
			isa = PBXResourcesBuildPhase;
			buildActionMask = 2147483647;
			files = (
			);
			runOnlyForDeploymentPostprocessing = 0;
		};
		16FCE992223CE14A00F6D643 /* Resources */ = {
			isa = PBXResourcesBuildPhase;
			buildActionMask = 2147483647;
			files = (
				C4A2604124D81EC5005A3FB7 /* GoogleService-Info.plist in Resources */,
			);
			runOnlyForDeploymentPostprocessing = 0;
		};
		C4A2602624D81D54005A3FB7 /* Resources */ = {
			isa = PBXResourcesBuildPhase;
			buildActionMask = 2147483647;
			files = (
				C4A2603724D81D56005A3FB7 /* LaunchScreen.storyboard in Resources */,
				C4A2603424D81D56005A3FB7 /* Assets.xcassets in Resources */,
				C4A2603224D81D54005A3FB7 /* Main.storyboard in Resources */,
			);
			runOnlyForDeploymentPostprocessing = 0;
		};
/* End PBXResourcesBuildPhase section */

/* Begin PBXShellScriptBuildPhase section */
		6C1CF9627D9CAD96576A2056 /* [CP] Check Pods Manifest.lock */ = {
			isa = PBXShellScriptBuildPhase;
			buildActionMask = 2147483647;
			files = (
			);
			inputPaths = (
				"${PODS_PODFILE_DIR_PATH}/Podfile.lock",
				"${PODS_ROOT}/Manifest.lock",
			);
			name = "[CP] Check Pods Manifest.lock";
			outputPaths = (
				"$(DERIVED_FILE_DIR)/Pods-Lobster-checkManifestLockResult.txt",
			);
			runOnlyForDeploymentPostprocessing = 0;
			shellPath = /bin/sh;
			shellScript = "diff \"${PODS_PODFILE_DIR_PATH}/Podfile.lock\" \"${PODS_ROOT}/Manifest.lock\" > /dev/null\nif [ $? != 0 ] ; then\n    # print error to STDERR\n    echo \"error: The sandbox is not in sync with the Podfile.lock. Run 'pod install' or update your CocoaPods installation.\" >&2\n    exit 1\nfi\n# This output is used by Xcode 'outputs' to avoid re-running this script phase.\necho \"SUCCESS\" > \"${SCRIPT_OUTPUT_FILE_0}\"\n";
			showEnvVarsInLog = 0;
		};
		FEAB9B0ADE423C017DAB1B2C /* [CP] Check Pods Manifest.lock */ = {
			isa = PBXShellScriptBuildPhase;
			buildActionMask = 2147483647;
			files = (
			);
			inputFileListPaths = (
			);
			inputPaths = (
				"${PODS_PODFILE_DIR_PATH}/Podfile.lock",
				"${PODS_ROOT}/Manifest.lock",
			);
			name = "[CP] Check Pods Manifest.lock";
			outputFileListPaths = (
			);
			outputPaths = (
				"$(DERIVED_FILE_DIR)/Pods-LobsterTests-checkManifestLockResult.txt",
			);
			runOnlyForDeploymentPostprocessing = 0;
			shellPath = /bin/sh;
			shellScript = "diff \"${PODS_PODFILE_DIR_PATH}/Podfile.lock\" \"${PODS_ROOT}/Manifest.lock\" > /dev/null\nif [ $? != 0 ] ; then\n    # print error to STDERR\n    echo \"error: The sandbox is not in sync with the Podfile.lock. Run 'pod install' or update your CocoaPods installation.\" >&2\n    exit 1\nfi\n# This output is used by Xcode 'outputs' to avoid re-running this script phase.\necho \"SUCCESS\" > \"${SCRIPT_OUTPUT_FILE_0}\"\n";
			showEnvVarsInLog = 0;
		};
/* End PBXShellScriptBuildPhase section */

/* Begin PBXSourcesBuildPhase section */
		163143FA1FA8BE8600D25996 /* Sources */ = {
			isa = PBXSourcesBuildPhase;
			buildActionMask = 2147483647;
			files = (
				16FCE982223CBC5200F6D643 /* ConfigSerializable.swift in Sources */,
				16FCE98F223CCBBE00F6D643 /* OptionalType.swift in Sources */,
				1631440C1FA8C00900D25996 /* Lobster.swift in Sources */,
				16FCE98D223CCA7C00F6D643 /* Lobster+Subscripts.swift in Sources */,
				16FCE986223CBDBF00F6D643 /* ConfigBridge+BuiltIns.swift in Sources */,
				16FCE980223CB83500F6D643 /* StaleValueStore.swift in Sources */,
				16FCE98B223CC7E000F6D643 /* ConfigSerializable+BuiltIns.swift in Sources */,
				162860CA1FAA353A003D85A6 /* UIColor+Ex.swift in Sources */,
				16FCE989223CC42800F6D643 /* DefaultStore.swift in Sources */,
				16FCE984223CBC8A00F6D643 /* ConfigBridge.swift in Sources */,
				1631440E1FA8CBE400D25996 /* ConfigKeys.swift in Sources */,
			);
			runOnlyForDeploymentPostprocessing = 0;
		};
		16FCE990223CE14A00F6D643 /* Sources */ = {
			isa = PBXSourcesBuildPhase;
			buildActionMask = 2147483647;
			files = (
				16FCE997223CE14A00F6D643 /* LobsterTests.swift in Sources */,
				16FCE9A4223CE2F400F6D643 /* FirebaseSetupHandler.swift in Sources */,
			);
			runOnlyForDeploymentPostprocessing = 0;
		};
		C4A2602424D81D54005A3FB7 /* Sources */ = {
			isa = PBXSourcesBuildPhase;
			buildActionMask = 2147483647;
			files = (
				C4A2602F24D81D54005A3FB7 /* ViewController.swift in Sources */,
				C4A2602B24D81D54005A3FB7 /* AppDelegate.swift in Sources */,
				C4A2602D24D81D54005A3FB7 /* SceneDelegate.swift in Sources */,
			);
			runOnlyForDeploymentPostprocessing = 0;
		};
/* End PBXSourcesBuildPhase section */

/* Begin PBXTargetDependency section */
		16FCE99B223CE14A00F6D643 /* PBXTargetDependency */ = {
			isa = PBXTargetDependency;
			target = 163143FE1FA8BE8600D25996 /* Lobster */;
			targetProxy = 16FCE99A223CE14A00F6D643 /* PBXContainerItemProxy */;
		};
		C4A2603D24D81D71005A3FB7 /* PBXTargetDependency */ = {
			isa = PBXTargetDependency;
			target = C4A2602724D81D54005A3FB7 /* AppForTest */;
			targetProxy = C4A2603C24D81D71005A3FB7 /* PBXContainerItemProxy */;
		};
/* End PBXTargetDependency section */

/* Begin PBXVariantGroup section */
		C4A2603024D81D54005A3FB7 /* Main.storyboard */ = {
			isa = PBXVariantGroup;
			children = (
				C4A2603124D81D54005A3FB7 /* Base */,
			);
			name = Main.storyboard;
			sourceTree = "<group>";
		};
		C4A2603524D81D56005A3FB7 /* LaunchScreen.storyboard */ = {
			isa = PBXVariantGroup;
			children = (
				C4A2603624D81D56005A3FB7 /* Base */,
			);
			name = LaunchScreen.storyboard;
			sourceTree = "<group>";
		};
/* End PBXVariantGroup section */

/* Begin XCBuildConfiguration section */
		163144051FA8BE8600D25996 /* Debug */ = {
			isa = XCBuildConfiguration;
			buildSettings = {
				ALWAYS_SEARCH_USER_PATHS = NO;
				CLANG_ANALYZER_NONNULL = YES;
				CLANG_ANALYZER_NUMBER_OBJECT_CONVERSION = YES_AGGRESSIVE;
				CLANG_CXX_LANGUAGE_STANDARD = "gnu++14";
				CLANG_CXX_LIBRARY = "libc++";
				CLANG_ENABLE_MODULES = YES;
				CLANG_ENABLE_OBJC_ARC = YES;
				CLANG_WARN_BLOCK_CAPTURE_AUTORELEASING = YES;
				CLANG_WARN_BOOL_CONVERSION = YES;
				CLANG_WARN_COMMA = YES;
				CLANG_WARN_CONSTANT_CONVERSION = YES;
				CLANG_WARN_DEPRECATED_OBJC_IMPLEMENTATIONS = YES;
				CLANG_WARN_DIRECT_OBJC_ISA_USAGE = YES_ERROR;
				CLANG_WARN_DOCUMENTATION_COMMENTS = YES;
				CLANG_WARN_EMPTY_BODY = YES;
				CLANG_WARN_ENUM_CONVERSION = YES;
				CLANG_WARN_INFINITE_RECURSION = YES;
				CLANG_WARN_INT_CONVERSION = YES;
				CLANG_WARN_NON_LITERAL_NULL_CONVERSION = YES;
				CLANG_WARN_OBJC_IMPLICIT_RETAIN_SELF = YES;
				CLANG_WARN_OBJC_LITERAL_CONVERSION = YES;
				CLANG_WARN_OBJC_ROOT_CLASS = YES_ERROR;
				CLANG_WARN_RANGE_LOOP_ANALYSIS = YES;
				CLANG_WARN_STRICT_PROTOTYPES = YES;
				CLANG_WARN_SUSPICIOUS_MOVE = YES;
				CLANG_WARN_UNGUARDED_AVAILABILITY = YES_AGGRESSIVE;
				CLANG_WARN_UNREACHABLE_CODE = YES;
				CLANG_WARN__DUPLICATE_METHOD_MATCH = YES;
				CODE_SIGN_IDENTITY = "iPhone Developer";
				COPY_PHASE_STRIP = NO;
				CURRENT_PROJECT_VERSION = 1;
				DEBUG_INFORMATION_FORMAT = dwarf;
				ENABLE_STRICT_OBJC_MSGSEND = YES;
				ENABLE_TESTABILITY = YES;
				GCC_C_LANGUAGE_STANDARD = gnu11;
				GCC_DYNAMIC_NO_PIC = NO;
				GCC_NO_COMMON_BLOCKS = YES;
				GCC_OPTIMIZATION_LEVEL = 0;
				GCC_PREPROCESSOR_DEFINITIONS = (
					"DEBUG=1",
					"$(inherited)",
				);
				GCC_WARN_64_TO_32_BIT_CONVERSION = YES;
				GCC_WARN_ABOUT_RETURN_TYPE = YES_ERROR;
				GCC_WARN_UNDECLARED_SELECTOR = YES;
				GCC_WARN_UNINITIALIZED_AUTOS = YES_AGGRESSIVE;
				GCC_WARN_UNUSED_FUNCTION = YES;
				GCC_WARN_UNUSED_VARIABLE = YES;
				IPHONEOS_DEPLOYMENT_TARGET = 11.0;
				MTL_ENABLE_DEBUG_INFO = YES;
				ONLY_ACTIVE_ARCH = YES;
				SDKROOT = iphoneos;
				SWIFT_ACTIVE_COMPILATION_CONDITIONS = DEBUG;
				SWIFT_OPTIMIZATION_LEVEL = "-Onone";
				VERSIONING_SYSTEM = "apple-generic";
				VERSION_INFO_PREFIX = "";
			};
			name = Debug;
		};
		163144061FA8BE8600D25996 /* Release */ = {
			isa = XCBuildConfiguration;
			buildSettings = {
				ALWAYS_SEARCH_USER_PATHS = NO;
				CLANG_ANALYZER_NONNULL = YES;
				CLANG_ANALYZER_NUMBER_OBJECT_CONVERSION = YES_AGGRESSIVE;
				CLANG_CXX_LANGUAGE_STANDARD = "gnu++14";
				CLANG_CXX_LIBRARY = "libc++";
				CLANG_ENABLE_MODULES = YES;
				CLANG_ENABLE_OBJC_ARC = YES;
				CLANG_WARN_BLOCK_CAPTURE_AUTORELEASING = YES;
				CLANG_WARN_BOOL_CONVERSION = YES;
				CLANG_WARN_COMMA = YES;
				CLANG_WARN_CONSTANT_CONVERSION = YES;
				CLANG_WARN_DEPRECATED_OBJC_IMPLEMENTATIONS = YES;
				CLANG_WARN_DIRECT_OBJC_ISA_USAGE = YES_ERROR;
				CLANG_WARN_DOCUMENTATION_COMMENTS = YES;
				CLANG_WARN_EMPTY_BODY = YES;
				CLANG_WARN_ENUM_CONVERSION = YES;
				CLANG_WARN_INFINITE_RECURSION = YES;
				CLANG_WARN_INT_CONVERSION = YES;
				CLANG_WARN_NON_LITERAL_NULL_CONVERSION = YES;
				CLANG_WARN_OBJC_IMPLICIT_RETAIN_SELF = YES;
				CLANG_WARN_OBJC_LITERAL_CONVERSION = YES;
				CLANG_WARN_OBJC_ROOT_CLASS = YES_ERROR;
				CLANG_WARN_RANGE_LOOP_ANALYSIS = YES;
				CLANG_WARN_STRICT_PROTOTYPES = YES;
				CLANG_WARN_SUSPICIOUS_MOVE = YES;
				CLANG_WARN_UNGUARDED_AVAILABILITY = YES_AGGRESSIVE;
				CLANG_WARN_UNREACHABLE_CODE = YES;
				CLANG_WARN__DUPLICATE_METHOD_MATCH = YES;
				CODE_SIGN_IDENTITY = "iPhone Developer";
				COPY_PHASE_STRIP = NO;
				CURRENT_PROJECT_VERSION = 1;
				DEBUG_INFORMATION_FORMAT = "dwarf-with-dsym";
				ENABLE_NS_ASSERTIONS = NO;
				ENABLE_STRICT_OBJC_MSGSEND = YES;
				GCC_C_LANGUAGE_STANDARD = gnu11;
				GCC_NO_COMMON_BLOCKS = YES;
				GCC_WARN_64_TO_32_BIT_CONVERSION = YES;
				GCC_WARN_ABOUT_RETURN_TYPE = YES_ERROR;
				GCC_WARN_UNDECLARED_SELECTOR = YES;
				GCC_WARN_UNINITIALIZED_AUTOS = YES_AGGRESSIVE;
				GCC_WARN_UNUSED_FUNCTION = YES;
				GCC_WARN_UNUSED_VARIABLE = YES;
				IPHONEOS_DEPLOYMENT_TARGET = 11.0;
				MTL_ENABLE_DEBUG_INFO = NO;
				SDKROOT = iphoneos;
				SWIFT_OPTIMIZATION_LEVEL = "-Owholemodule";
				VALIDATE_PRODUCT = YES;
				VERSIONING_SYSTEM = "apple-generic";
				VERSION_INFO_PREFIX = "";
			};
			name = Release;
		};
		163144081FA8BE8600D25996 /* Debug */ = {
			isa = XCBuildConfiguration;
			baseConfigurationReference = 2FFEEC768519AD92F404C651 /* Pods-Lobster.debug.xcconfig */;
			buildSettings = {
				CLANG_ENABLE_MODULES = YES;
				CODE_SIGN_IDENTITY = "";
				CODE_SIGN_STYLE = Automatic;
				DEFINES_MODULE = YES;
				DYLIB_COMPATIBILITY_VERSION = 1;
				DYLIB_CURRENT_VERSION = 1;
				DYLIB_INSTALL_NAME_BASE = "@rpath";
				INFOPLIST_FILE = Lobster/Info.plist;
				INSTALL_PATH = "$(LOCAL_LIBRARY_DIR)/Frameworks";
				LD_RUNPATH_SEARCH_PATHS = "$(inherited) @executable_path/Frameworks @loader_path/Frameworks";
				PRODUCT_BUNDLE_IDENTIFIER = "-.Lobster";
				PRODUCT_NAME = "$(TARGET_NAME:c99extidentifier)";
				SKIP_INSTALL = YES;
				SWIFT_OPTIMIZATION_LEVEL = "-Onone";
				SWIFT_VERSION = 5.0;
				TARGETED_DEVICE_FAMILY = "1,2";
			};
			name = Debug;
		};
		163144091FA8BE8600D25996 /* Release */ = {
			isa = XCBuildConfiguration;
			baseConfigurationReference = B5B16D1323062E1020502A3F /* Pods-Lobster.release.xcconfig */;
			buildSettings = {
				CLANG_ENABLE_MODULES = YES;
				CODE_SIGN_IDENTITY = "";
				CODE_SIGN_STYLE = Automatic;
				DEFINES_MODULE = YES;
				DYLIB_COMPATIBILITY_VERSION = 1;
				DYLIB_CURRENT_VERSION = 1;
				DYLIB_INSTALL_NAME_BASE = "@rpath";
				INFOPLIST_FILE = Lobster/Info.plist;
				INSTALL_PATH = "$(LOCAL_LIBRARY_DIR)/Frameworks";
				LD_RUNPATH_SEARCH_PATHS = "$(inherited) @executable_path/Frameworks @loader_path/Frameworks";
				PRODUCT_BUNDLE_IDENTIFIER = "-.Lobster";
				PRODUCT_NAME = "$(TARGET_NAME:c99extidentifier)";
				SKIP_INSTALL = YES;
				SWIFT_VERSION = 5.0;
				TARGETED_DEVICE_FAMILY = "1,2";
			};
			name = Release;
		};
		16FCE99D223CE14A00F6D643 /* Debug */ = {
			isa = XCBuildConfiguration;
			baseConfigurationReference = 0FF6D1B90A8BA67313EB8D6C /* Pods-LobsterTests.debug.xcconfig */;
			buildSettings = {
				CLANG_ENABLE_OBJC_WEAK = YES;
				CODE_SIGN_STYLE = Automatic;
				INFOPLIST_FILE = LobsterTests/Info.plist;
				IPHONEOS_DEPLOYMENT_TARGET = 12.1;
				LD_RUNPATH_SEARCH_PATHS = "$(inherited) @executable_path/Frameworks @loader_path/Frameworks $(FRAMEWORK_SEARCH_PATHS)";
				MTL_ENABLE_DEBUG_INFO = INCLUDE_SOURCE;
				MTL_FAST_MATH = YES;
				PRODUCT_BUNDLE_IDENTIFIER = "-.test.LobsterTests";
				PRODUCT_NAME = "$(TARGET_NAME)";
				SWIFT_VERSION = 5.0;
				TARGETED_DEVICE_FAMILY = "1,2";
				TEST_HOST = "$(BUILT_PRODUCTS_DIR)/AppForTest.app/AppForTest";
			};
			name = Debug;
		};
		16FCE99E223CE14A00F6D643 /* Release */ = {
			isa = XCBuildConfiguration;
			baseConfigurationReference = 6F586FBD5180A54BFE0C53FA /* Pods-LobsterTests.release.xcconfig */;
			buildSettings = {
				CLANG_ENABLE_OBJC_WEAK = YES;
				CODE_SIGN_STYLE = Automatic;
				INFOPLIST_FILE = LobsterTests/Info.plist;
				IPHONEOS_DEPLOYMENT_TARGET = 12.1;
				LD_RUNPATH_SEARCH_PATHS = "$(inherited) @executable_path/Frameworks @loader_path/Frameworks $(FRAMEWORK_SEARCH_PATHS)";
				MTL_FAST_MATH = YES;
				PRODUCT_BUNDLE_IDENTIFIER = "-.test.LobsterTests";
				PRODUCT_NAME = "$(TARGET_NAME)";
				SWIFT_VERSION = 5.0;
				TARGETED_DEVICE_FAMILY = "1,2";
				TEST_HOST = "$(BUILT_PRODUCTS_DIR)/AppForTest.app/AppForTest";
			};
			name = Release;
		};
		C4A2603A24D81D56005A3FB7 /* Debug */ = {
			isa = XCBuildConfiguration;
			buildSettings = {
				ASSETCATALOG_COMPILER_APPICON_NAME = AppIcon;
				CLANG_ENABLE_OBJC_WEAK = YES;
				CODE_SIGN_STYLE = Automatic;
				INFOPLIST_FILE = AppForTest/Info.plist;
				IPHONEOS_DEPLOYMENT_TARGET = 13.5;
				LD_RUNPATH_SEARCH_PATHS = "$(inherited) @executable_path/Frameworks";
				MTL_ENABLE_DEBUG_INFO = INCLUDE_SOURCE;
				MTL_FAST_MATH = YES;
				PRODUCT_BUNDLE_IDENTIFIER = "-.test.LobsterTests";
				PRODUCT_NAME = "$(TARGET_NAME)";
				SWIFT_VERSION = 5.0;
				TARGETED_DEVICE_FAMILY = "1,2";
			};
			name = Debug;
		};
		C4A2603B24D81D56005A3FB7 /* Release */ = {
			isa = XCBuildConfiguration;
			buildSettings = {
				ASSETCATALOG_COMPILER_APPICON_NAME = AppIcon;
				CLANG_ENABLE_OBJC_WEAK = YES;
				CODE_SIGN_STYLE = Automatic;
				INFOPLIST_FILE = AppForTest/Info.plist;
				IPHONEOS_DEPLOYMENT_TARGET = 13.5;
				LD_RUNPATH_SEARCH_PATHS = "$(inherited) @executable_path/Frameworks";
				MTL_FAST_MATH = YES;
				PRODUCT_BUNDLE_IDENTIFIER = "-.test.LobsterTests";
				PRODUCT_NAME = "$(TARGET_NAME)";
				SWIFT_VERSION = 5.0;
				TARGETED_DEVICE_FAMILY = "1,2";
			};
			name = Release;
		};
/* End XCBuildConfiguration section */

/* Begin XCConfigurationList section */
		163143F91FA8BE8600D25996 /* Build configuration list for PBXProject "Lobster" */ = {
			isa = XCConfigurationList;
			buildConfigurations = (
				163144051FA8BE8600D25996 /* Debug */,
				163144061FA8BE8600D25996 /* Release */,
			);
			defaultConfigurationIsVisible = 0;
			defaultConfigurationName = Release;
		};
		163144071FA8BE8600D25996 /* Build configuration list for PBXNativeTarget "Lobster" */ = {
			isa = XCConfigurationList;
			buildConfigurations = (
				163144081FA8BE8600D25996 /* Debug */,
				163144091FA8BE8600D25996 /* Release */,
			);
			defaultConfigurationIsVisible = 0;
			defaultConfigurationName = Release;
		};
		16FCE99C223CE14A00F6D643 /* Build configuration list for PBXNativeTarget "LobsterTests" */ = {
			isa = XCConfigurationList;
			buildConfigurations = (
				16FCE99D223CE14A00F6D643 /* Debug */,
				16FCE99E223CE14A00F6D643 /* Release */,
			);
			defaultConfigurationIsVisible = 0;
			defaultConfigurationName = Release;
		};
		C4A2603924D81D56005A3FB7 /* Build configuration list for PBXNativeTarget "AppForTest" */ = {
			isa = XCConfigurationList;
			buildConfigurations = (
				C4A2603A24D81D56005A3FB7 /* Debug */,
				C4A2603B24D81D56005A3FB7 /* Release */,
			);
			defaultConfigurationIsVisible = 0;
			defaultConfigurationName = Release;
		};
/* End XCConfigurationList section */
	};
	rootObject = 163143F61FA8BE8600D25996 /* Project object */;
}
