// !$*UTF8*$!
{
	archiveVersion = 1;
	classes = {
	};
	objectVersion = 48;
	objects = {

/* Begin PBXBuildFile section */
		162860D81FAA4852003D85A6 /* AppDelegate.swift in Sources */ = {isa = PBXBuildFile; fileRef = 162860D71FAA4852003D85A6 /* AppDelegate.swift */; };
		162860DA1FAA4852003D85A6 /* ViewController.swift in Sources */ = {isa = PBXBuildFile; fileRef = 162860D91FAA4852003D85A6 /* ViewController.swift */; };
		162860DD1FAA4852003D85A6 /* Main.storyboard in Resources */ = {isa = PBXBuildFile; fileRef = 162860DB1FAA4852003D85A6 /* Main.storyboard */; };
		162860DF1FAA4852003D85A6 /* Assets.xcassets in Resources */ = {isa = PBXBuildFile; fileRef = 162860DE1FAA4852003D85A6 /* Assets.xcassets */; };
		162860E21FAA4852003D85A6 /* LaunchScreen.storyboard in Resources */ = {isa = PBXBuildFile; fileRef = 162860E01FAA4852003D85A6 /* LaunchScreen.storyboard */; };
		162860EA1FAA53B0003D85A6 /* GoogleService-Info.plist in Resources */ = {isa = PBXBuildFile; fileRef = 162860E91FAA5234003D85A6 /* GoogleService-Info.plist */; };
		162860EC1FAB0190003D85A6 /* defaults.plist in Resources */ = {isa = PBXBuildFile; fileRef = 162860EB1FAB0190003D85A6 /* defaults.plist */; };
		1648B91A223DF14A0077E142 /* CustomTypes.swift in Sources */ = {isa = PBXBuildFile; fileRef = 1648B919223DF14A0077E142 /* CustomTypes.swift */; };
		5A85A3FF9D20221F43D6DAB3 /* Pods_Demo.framework in Frameworks */ = {isa = PBXBuildFile; fileRef = 87C3E701E97538970FC91034 /* Pods_Demo.framework */; };
/* End PBXBuildFile section */

/* Begin PBXFileReference section */
		162860D41FAA4852003D85A6 /* Demo.app */ = {isa = PBXFileReference; explicitFileType = wrapper.application; includeInIndex = 0; path = Demo.app; sourceTree = BUILT_PRODUCTS_DIR; };
		162860D71FAA4852003D85A6 /* AppDelegate.swift */ = {isa = PBXFileReference; lastKnownFileType = sourcecode.swift; path = AppDelegate.swift; sourceTree = "<group>"; };
		162860D91FAA4852003D85A6 /* ViewController.swift */ = {isa = PBXFileReference; lastKnownFileType = sourcecode.swift; path = ViewController.swift; sourceTree = "<group>"; };
		162860DC1FAA4852003D85A6 /* Base */ = {isa = PBXFileReference; lastKnownFileType = file.storyboard; name = Base; path = Base.lproj/Main.storyboard; sourceTree = "<group>"; };
		162860DE1FAA4852003D85A6 /* Assets.xcassets */ = {isa = PBXFileReference; lastKnownFileType = folder.assetcatalog; path = Assets.xcassets; sourceTree = "<group>"; };
		162860E11FAA4852003D85A6 /* Base */ = {isa = PBXFileReference; lastKnownFileType = file.storyboard; name = Base; path = Base.lproj/LaunchScreen.storyboard; sourceTree = "<group>"; };
		162860E31FAA4852003D85A6 /* Info.plist */ = {isa = PBXFileReference; lastKnownFileType = text.plist.xml; path = Info.plist; sourceTree = "<group>"; };
		162860E91FAA5234003D85A6 /* GoogleService-Info.plist */ = {isa = PBXFileReference; lastKnownFileType = text.plist.xml; path = "GoogleService-Info.plist"; sourceTree = "<group>"; };
		162860EB1FAB0190003D85A6 /* defaults.plist */ = {isa = PBXFileReference; lastKnownFileType = text.plist.xml; path = defaults.plist; sourceTree = "<group>"; };
		1648B919223DF14A0077E142 /* CustomTypes.swift */ = {isa = PBXFileReference; lastKnownFileType = sourcecode.swift; path = CustomTypes.swift; sourceTree = "<group>"; };
		87C3E701E97538970FC91034 /* Pods_Demo.framework */ = {isa = PBXFileReference; explicitFileType = wrapper.framework; includeInIndex = 0; path = Pods_Demo.framework; sourceTree = BUILT_PRODUCTS_DIR; };
		B13A6D3A7AE1C618012AF5D8 /* Pods-Demo.debug.xcconfig */ = {isa = PBXFileReference; includeInIndex = 1; lastKnownFileType = text.xcconfig; name = "Pods-Demo.debug.xcconfig"; path = "Pods/Target Support Files/Pods-Demo/Pods-Demo.debug.xcconfig"; sourceTree = "<group>"; };
		CD20EA16D1FE0DCBD063CD97 /* Pods-Demo.release.xcconfig */ = {isa = PBXFileReference; includeInIndex = 1; lastKnownFileType = text.xcconfig; name = "Pods-Demo.release.xcconfig"; path = "Pods/Target Support Files/Pods-Demo/Pods-Demo.release.xcconfig"; sourceTree = "<group>"; };
/* End PBXFileReference section */

/* Begin PBXFrameworksBuildPhase section */
		162860D11FAA4851003D85A6 /* Frameworks */ = {
			isa = PBXFrameworksBuildPhase;
			buildActionMask = 2147483647;
			files = (
				5A85A3FF9D20221F43D6DAB3 /* Pods_Demo.framework in Frameworks */,
			);
			runOnlyForDeploymentPostprocessing = 0;
		};
/* End PBXFrameworksBuildPhase section */

/* Begin PBXGroup section */
		162860CB1FAA4851003D85A6 = {
			isa = PBXGroup;
			children = (
				162860D61FAA4852003D85A6 /* Demo */,
				162860D51FAA4852003D85A6 /* Products */,
				1F67BC8E6E135A42CC8A3755 /* Pods */,
				48096C5ABA057EACC23140C0 /* Frameworks */,
			);
			sourceTree = "<group>";
		};
		162860D51FAA4852003D85A6 /* Products */ = {
			isa = PBXGroup;
			children = (
				162860D41FAA4852003D85A6 /* Demo.app */,
			);
			name = Products;
			sourceTree = "<group>";
		};
		162860D61FAA4852003D85A6 /* Demo */ = {
			isa = PBXGroup;
			children = (
				162860E91FAA5234003D85A6 /* GoogleService-Info.plist */,
				162860D71FAA4852003D85A6 /* AppDelegate.swift */,
				162860D91FAA4852003D85A6 /* ViewController.swift */,
				1648B919223DF14A0077E142 /* CustomTypes.swift */,
				162860DB1FAA4852003D85A6 /* Main.storyboard */,
				162860DE1FAA4852003D85A6 /* Assets.xcassets */,
				162860E01FAA4852003D85A6 /* LaunchScreen.storyboard */,
				162860E31FAA4852003D85A6 /* Info.plist */,
				162860EB1FAB0190003D85A6 /* defaults.plist */,
			);
			path = Demo;
			sourceTree = "<group>";
		};
		1F67BC8E6E135A42CC8A3755 /* Pods */ = {
			isa = PBXGroup;
			children = (
				B13A6D3A7AE1C618012AF5D8 /* Pods-Demo.debug.xcconfig */,
				CD20EA16D1FE0DCBD063CD97 /* Pods-Demo.release.xcconfig */,
			);
			name = Pods;
			sourceTree = "<group>";
		};
		48096C5ABA057EACC23140C0 /* Frameworks */ = {
			isa = PBXGroup;
			children = (
				87C3E701E97538970FC91034 /* Pods_Demo.framework */,
			);
			name = Frameworks;
			sourceTree = "<group>";
		};
/* End PBXGroup section */

/* Begin PBXNativeTarget section */
		162860D31FAA4851003D85A6 /* Demo */ = {
			isa = PBXNativeTarget;
			buildConfigurationList = 162860E61FAA4852003D85A6 /* Build configuration list for PBXNativeTarget "Demo" */;
			buildPhases = (
				33AD88BB43699E3C265FDD05 /* [CP] Check Pods Manifest.lock */,
				162860D01FAA4851003D85A6 /* Sources */,
				162860D11FAA4851003D85A6 /* Frameworks */,
				162860D21FAA4851003D85A6 /* Resources */,
				8462347F2A15F1BD27F8E15E /* [CP] Embed Pods Frameworks */,
			);
			buildRules = (
			);
			dependencies = (
			);
			name = Demo;
			productName = Demo;
			productReference = 162860D41FAA4852003D85A6 /* Demo.app */;
			productType = "com.apple.product-type.application";
		};
/* End PBXNativeTarget section */

/* Begin PBXProject section */
		162860CC1FAA4851003D85A6 /* Project object */ = {
			isa = PBXProject;
			attributes = {
				LastSwiftUpdateCheck = 0900;
				LastUpgradeCheck = 0900;
				ORGANIZATIONNAME = "Suguru Kishimoto";
				TargetAttributes = {
					162860D31FAA4851003D85A6 = {
						CreatedOnToolsVersion = 9.0;
						LastSwiftMigration = 1020;
						ProvisioningStyle = Automatic;
					};
				};
			};
			buildConfigurationList = 162860CF1FAA4851003D85A6 /* Build configuration list for PBXProject "Demo" */;
			compatibilityVersion = "Xcode 8.0";
			developmentRegion = en;
			hasScannedForEncodings = 0;
			knownRegions = (
				en,
				Base,
			);
			mainGroup = 162860CB1FAA4851003D85A6;
			productRefGroup = 162860D51FAA4852003D85A6 /* Products */;
			projectDirPath = "";
			projectRoot = "";
			targets = (
				162860D31FAA4851003D85A6 /* Demo */,
			);
		};
/* End PBXProject section */

/* Begin PBXResourcesBuildPhase section */
		162860D21FAA4851003D85A6 /* Resources */ = {
			isa = PBXResourcesBuildPhase;
			buildActionMask = 2147483647;
			files = (
				162860E21FAA4852003D85A6 /* LaunchScreen.storyboard in Resources */,
				162860EA1FAA53B0003D85A6 /* GoogleService-Info.plist in Resources */,
				162860EC1FAB0190003D85A6 /* defaults.plist in Resources */,
				162860DF1FAA4852003D85A6 /* Assets.xcassets in Resources */,
				162860DD1FAA4852003D85A6 /* Main.storyboard in Resources */,
			);
			runOnlyForDeploymentPostprocessing = 0;
		};
/* End PBXResourcesBuildPhase section */

/* Begin PBXShellScriptBuildPhase section */
		33AD88BB43699E3C265FDD05 /* [CP] Check Pods Manifest.lock */ = {
			isa = PBXShellScriptBuildPhase;
			buildActionMask = 2147483647;
			files = (
			);
			inputPaths = (
				"${PODS_PODFILE_DIR_PATH}/Podfile.lock",
				"${PODS_ROOT}/Manifest.lock",
			);
			name = "[CP] Check Pods Manifest.lock";
			outputPaths = (
				"$(DERIVED_FILE_DIR)/Pods-Demo-checkManifestLockResult.txt",
			);
			runOnlyForDeploymentPostprocessing = 0;
			shellPath = /bin/sh;
			shellScript = "diff \"${PODS_PODFILE_DIR_PATH}/Podfile.lock\" \"${PODS_ROOT}/Manifest.lock\" > /dev/null\nif [ $? != 0 ] ; then\n    # print error to STDERR\n    echo \"error: The sandbox is not in sync with the Podfile.lock. Run 'pod install' or update your CocoaPods installation.\" >&2\n    exit 1\nfi\n# This output is used by Xcode 'outputs' to avoid re-running this script phase.\necho \"SUCCESS\" > \"${SCRIPT_OUTPUT_FILE_0}\"\n";
			showEnvVarsInLog = 0;
		};
		8462347F2A15F1BD27F8E15E /* [CP] Embed Pods Frameworks */ = {
			isa = PBXShellScriptBuildPhase;
			buildActionMask = 2147483647;
			files = (
			);
			inputPaths = (
				"${PODS_ROOT}/Target Support Files/Pods-Demo/Pods-Demo-frameworks.sh",
				"${BUILT_PRODUCTS_DIR}/GoogleUtilities/GoogleUtilities.framework",
				"${BUILT_PRODUCTS_DIR}/Protobuf/Protobuf.framework",
			);
			name = "[CP] Embed Pods Frameworks";
			outputPaths = (
				"${TARGET_BUILD_DIR}/${FRAMEWORKS_FOLDER_PATH}/GoogleUtilities.framework",
				"${TARGET_BUILD_DIR}/${FRAMEWORKS_FOLDER_PATH}/Protobuf.framework",
			);
			runOnlyForDeploymentPostprocessing = 0;
			shellPath = /bin/sh;
			shellScript = "\"${PODS_ROOT}/Target Support Files/Pods-Demo/Pods-Demo-frameworks.sh\"\n";
			showEnvVarsInLog = 0;
		};
/* End PBXShellScriptBuildPhase section */

/* Begin PBXSourcesBuildPhase section */
		162860D01FAA4851003D85A6 /* Sources */ = {
			isa = PBXSourcesBuildPhase;
			buildActionMask = 2147483647;
			files = (
				1648B91A223DF14A0077E142 /* CustomTypes.swift in Sources */,
				162860DA1FAA4852003D85A6 /* ViewController.swift in Sources */,
				162860D81FAA4852003D85A6 /* AppDelegate.swift in Sources */,
			);
			runOnlyForDeploymentPostprocessing = 0;
		};
/* End PBXSourcesBuildPhase section */

/* Begin PBXVariantGroup section */
		162860DB1FAA4852003D85A6 /* Main.storyboard */ = {
			isa = PBXVariantGroup;
			children = (
				162860DC1FAA4852003D85A6 /* Base */,
			);
			name = Main.storyboard;
			sourceTree = "<group>";
		};
		162860E01FAA4852003D85A6 /* LaunchScreen.storyboard */ = {
			isa = PBXVariantGroup;
			children = (
				162860E11FAA4852003D85A6 /* Base */,
			);
			name = LaunchScreen.storyboard;
			sourceTree = "<group>";
		};
/* End PBXVariantGroup section */

/* Begin XCBuildConfiguration section */
		162860E41FAA4852003D85A6 /* Debug */ = {
			isa = XCBuildConfiguration;
			buildSettings = {
				ALWAYS_SEARCH_USER_PATHS = NO;
				CLANG_ANALYZER_NONNULL = YES;
				CLANG_ANALYZER_NUMBER_OBJECT_CONVERSION = YES_AGGRESSIVE;
				CLANG_CXX_LANGUAGE_STANDARD = "gnu++14";
				CLANG_CXX_LIBRARY = "libc++";
				CLANG_ENABLE_MODULES = YES;
				CLANG_ENABLE_OBJC_ARC = YES;
				CLANG_WARN_BLOCK_CAPTURE_AUTORELEASING = YES;
				CLANG_WARN_BOOL_CONVERSION = YES;
				CLANG_WARN_COMMA = YES;
				CLANG_WARN_CONSTANT_CONVERSION = YES;
				CLANG_WARN_DIRECT_OBJC_ISA_USAGE = YES_ERROR;
				CLANG_WARN_DOCUMENTATION_COMMENTS = YES;
				CLANG_WARN_EMPTY_BODY = YES;
				CLANG_WARN_ENUM_CONVERSION = YES;
				CLANG_WARN_INFINITE_RECURSION = YES;
				CLANG_WARN_INT_CONVERSION = YES;
				CLANG_WARN_NON_LITERAL_NULL_CONVERSION = YES;
				CLANG_WARN_OBJC_LITERAL_CONVERSION = YES;
				CLANG_WARN_OBJC_ROOT_CLASS = YES_ERROR;
				CLANG_WARN_RANGE_LOOP_ANALYSIS = YES;
				CLANG_WARN_STRICT_PROTOTYPES = YES;
				CLANG_WARN_SUSPICIOUS_MOVE = YES;
				CLANG_WARN_UNGUARDED_AVAILABILITY = YES_AGGRESSIVE;
				CLANG_WARN_UNREACHABLE_CODE = YES;
				CLANG_WARN__DUPLICATE_METHOD_MATCH = YES;
				CODE_SIGN_IDENTITY = "iPhone Developer";
				COPY_PHASE_STRIP = NO;
				DEBUG_INFORMATION_FORMAT = dwarf;
				ENABLE_STRICT_OBJC_MSGSEND = YES;
				ENABLE_TESTABILITY = YES;
				GCC_C_LANGUAGE_STANDARD = gnu11;
				GCC_DYNAMIC_NO_PIC = NO;
				GCC_NO_COMMON_BLOCKS = YES;
				GCC_OPTIMIZATION_LEVEL = 0;
				GCC_PREPROCESSOR_DEFINITIONS = (
					"DEBUG=1",
					"$(inherited)",
				);
				GCC_WARN_64_TO_32_BIT_CONVERSION = YES;
				GCC_WARN_ABOUT_RETURN_TYPE = YES_ERROR;
				GCC_WARN_UNDECLARED_SELECTOR = YES;
				GCC_WARN_UNINITIALIZED_AUTOS = YES_AGGRESSIVE;
				GCC_WARN_UNUSED_FUNCTION = YES;
				GCC_WARN_UNUSED_VARIABLE = YES;
				IPHONEOS_DEPLOYMENT_TARGET = 11.0;
				MTL_ENABLE_DEBUG_INFO = YES;
				ONLY_ACTIVE_ARCH = YES;
				SDKROOT = iphoneos;
				SWIFT_ACTIVE_COMPILATION_CONDITIONS = DEBUG;
				SWIFT_OPTIMIZATION_LEVEL = "-Onone";
			};
			name = Debug;
		};
		162860E51FAA4852003D85A6 /* Release */ = {
			isa = XCBuildConfiguration;
			buildSettings = {
				ALWAYS_SEARCH_USER_PATHS = NO;
				CLANG_ANALYZER_NONNULL = YES;
				CLANG_ANALYZER_NUMBER_OBJECT_CONVERSION = YES_AGGRESSIVE;
				CLANG_CXX_LANGUAGE_STANDARD = "gnu++14";
				CLANG_CXX_LIBRARY = "libc++";
				CLANG_ENABLE_MODULES = YES;
				CLANG_ENABLE_OBJC_ARC = YES;
				CLANG_WARN_BLOCK_CAPTURE_AUTORELEASING = YES;
				CLANG_WARN_BOOL_CONVERSION = YES;
				CLANG_WARN_COMMA = YES;
				CLANG_WARN_CONSTANT_CONVERSION = YES;
				CLANG_WARN_DIRECT_OBJC_ISA_USAGE = YES_ERROR;
				CLANG_WARN_DOCUMENTATION_COMMENTS = YES;
				CLANG_WARN_EMPTY_BODY = YES;
				CLANG_WARN_ENUM_CONVERSION = YES;
				CLANG_WARN_INFINITE_RECURSION = YES;
				CLANG_WARN_INT_CONVERSION = YES;
				CLANG_WARN_NON_LITERAL_NULL_CONVERSION = YES;
				CLANG_WARN_OBJC_LITERAL_CONVERSION = YES;
				CLANG_WARN_OBJC_ROOT_CLASS = YES_ERROR;
				CLANG_WARN_RANGE_LOOP_ANALYSIS = YES;
				CLANG_WARN_STRICT_PROTOTYPES = YES;
				CLANG_WARN_SUSPICIOUS_MOVE = YES;
				CLANG_WARN_UNGUARDED_AVAILABILITY = YES_AGGRESSIVE;
				CLANG_WARN_UNREACHABLE_CODE = YES;
				CLANG_WARN__DUPLICATE_METHOD_MATCH = YES;
				CODE_SIGN_IDENTITY = "iPhone Developer";
				COPY_PHASE_STRIP = NO;
				DEBUG_INFORMATION_FORMAT = "dwarf-with-dsym";
				ENABLE_NS_ASSERTIONS = NO;
				ENABLE_STRICT_OBJC_MSGSEND = YES;
				GCC_C_LANGUAGE_STANDARD = gnu11;
				GCC_NO_COMMON_BLOCKS = YES;
				GCC_WARN_64_TO_32_BIT_CONVERSION = YES;
				GCC_WARN_ABOUT_RETURN_TYPE = YES_ERROR;
				GCC_WARN_UNDECLARED_SELECTOR = YES;
				GCC_WARN_UNINITIALIZED_AUTOS = YES_AGGRESSIVE;
				GCC_WARN_UNUSED_FUNCTION = YES;
				GCC_WARN_UNUSED_VARIABLE = YES;
				IPHONEOS_DEPLOYMENT_TARGET = 11.0;
				MTL_ENABLE_DEBUG_INFO = NO;
				SDKROOT = iphoneos;
				SWIFT_OPTIMIZATION_LEVEL = "-Owholemodule";
				VALIDATE_PRODUCT = YES;
			};
			name = Release;
		};
		162860E71FAA4852003D85A6 /* Debug */ = {
			isa = XCBuildConfiguration;
			baseConfigurationReference = B13A6D3A7AE1C618012AF5D8 /* Pods-Demo.debug.xcconfig */;
			buildSettings = {
				ASSETCATALOG_COMPILER_APPICON_NAME = AppIcon;
				CODE_SIGN_STYLE = Automatic;
				INFOPLIST_FILE = Demo/Info.plist;
				LD_RUNPATH_SEARCH_PATHS = "$(inherited) @executable_path/Frameworks";
				PRODUCT_BUNDLE_IDENTIFIER = demo.lobster;
				PRODUCT_NAME = "$(TARGET_NAME)";
				SWIFT_VERSION = 5.0;
				TARGETED_DEVICE_FAMILY = "1,2";
			};
			name = Debug;
		};
		162860E81FAA4852003D85A6 /* Release */ = {
			isa = XCBuildConfiguration;
			baseConfigurationReference = CD20EA16D1FE0DCBD063CD97 /* Pods-Demo.release.xcconfig */;
			buildSettings = {
				ASSETCATALOG_COMPILER_APPICON_NAME = AppIcon;
				CODE_SIGN_STYLE = Automatic;
				INFOPLIST_FILE = Demo/Info.plist;
				LD_RUNPATH_SEARCH_PATHS = "$(inherited) @executable_path/Frameworks";
				PRODUCT_BUNDLE_IDENTIFIER = demo.lobster;
				PRODUCT_NAME = "$(TARGET_NAME)";
				SWIFT_VERSION = 5.0;
				TARGETED_DEVICE_FAMILY = "1,2";
			};
			name = Release;
		};
/* End XCBuildConfiguration section */

/* Begin XCConfigurationList section */
		162860CF1FAA4851003D85A6 /* Build configuration list for PBXProject "Demo" */ = {
			isa = XCConfigurationList;
			buildConfigurations = (
				162860E41FAA4852003D85A6 /* Debug */,
				162860E51FAA4852003D85A6 /* Release */,
			);
			defaultConfigurationIsVisible = 0;
			defaultConfigurationName = Release;
		};
		162860E61FAA4852003D85A6 /* Build configuration list for PBXNativeTarget "Demo" */ = {
			isa = XCConfigurationList;
			buildConfigurations = (
				162860E71FAA4852003D85A6 /* Debug */,
				162860E81FAA4852003D85A6 /* Release */,
			);
			defaultConfigurationIsVisible = 0;
			defaultConfigurationName = Release;
		};
/* End XCConfigurationList section */
	};
	rootObject = 162860CC1FAA4851003D85A6 /* Project object */;
}
